// !$*UTF8*$!
{
	archiveVersion = 1;
	classes = {
	};
	objectVersion = 46;
	objects = {

/* Begin PBXBuildFile section */
		59FEF9C319736C0500F5BFFE /* Foundation.framework in Frameworks */ = {isa = PBXBuildFile; fileRef = 59FEF9C219736C0500F5BFFE /* Foundation.framework */; };
		59FEF9C519736C0500F5BFFE /* CoreGraphics.framework in Frameworks */ = {isa = PBXBuildFile; fileRef = 59FEF9C419736C0500F5BFFE /* CoreGraphics.framework */; };
		59FEF9C719736C0500F5BFFE /* UIKit.framework in Frameworks */ = {isa = PBXBuildFile; fileRef = 59FEF9C619736C0500F5BFFE /* UIKit.framework */; };
		59FEF9CD19736C0500F5BFFE /* InfoPlist.strings in Resources */ = {isa = PBXBuildFile; fileRef = 59FEF9CB19736C0500F5BFFE /* InfoPlist.strings */; };
		59FEF9CF19736C0500F5BFFE /* main.m in Sources */ = {isa = PBXBuildFile; fileRef = 59FEF9CE19736C0500F5BFFE /* main.m */; };
		59FEF9D319736C0500F5BFFE /* LJFAppDelegate.m in Sources */ = {isa = PBXBuildFile; fileRef = 59FEF9D219736C0500F5BFFE /* LJFAppDelegate.m */; };
		59FEF9D519736C0500F5BFFE /* Images.xcassets in Resources */ = {isa = PBXBuildFile; fileRef = 59FEF9D419736C0500F5BFFE /* Images.xcassets */; };
		59FEF9DC19736C0600F5BFFE /* XCTest.framework in Frameworks */ = {isa = PBXBuildFile; fileRef = 59FEF9DB19736C0600F5BFFE /* XCTest.framework */; };
		59FEF9DD19736C0600F5BFFE /* Foundation.framework in Frameworks */ = {isa = PBXBuildFile; fileRef = 59FEF9C219736C0500F5BFFE /* Foundation.framework */; };
		59FEF9DE19736C0600F5BFFE /* UIKit.framework in Frameworks */ = {isa = PBXBuildFile; fileRef = 59FEF9C619736C0500F5BFFE /* UIKit.framework */; };
		59FEF9E619736C0600F5BFFE /* InfoPlist.strings in Resources */ = {isa = PBXBuildFile; fileRef = 59FEF9E419736C0600F5BFFE /* InfoPlist.strings */; };
		59FEF9E819736C0600F5BFFE /* FiyChatTests.m in Sources */ = {isa = PBXBuildFile; fileRef = 59FEF9E719736C0600F5BFFE /* FiyChatTests.m */; };
/* End PBXBuildFile section */

/* Begin PBXContainerItemProxy section */
		59FEF9DF19736C0600F5BFFE /* PBXContainerItemProxy */ = {
			isa = PBXContainerItemProxy;
			containerPortal = 59FEF9B719736C0500F5BFFE /* Project object */;
			proxyType = 1;
			remoteGlobalIDString = 59FEF9BE19736C0500F5BFFE;
			remoteInfo = FiyChat;
		};
/* End PBXContainerItemProxy section */

/* Begin PBXFileReference section */
		59FEF9BF19736C0500F5BFFE /* FiyChat.app */ = {isa = PBXFileReference; explicitFileType = wrapper.application; includeInIndex = 0; path = FiyChat.app; sourceTree = BUILT_PRODUCTS_DIR; };
		59FEF9C219736C0500F5BFFE /* Foundation.framework */ = {isa = PBXFileReference; lastKnownFileType = wrapper.framework; name = Foundation.framework; path = System/Library/Frameworks/Foundation.framework; sourceTree = SDKROOT; };
		59FEF9C419736C0500F5BFFE /* CoreGraphics.framework */ = {isa = PBXFileReference; lastKnownFileType = wrapper.framework; name = CoreGraphics.framework; path = System/Library/Frameworks/CoreGraphics.framework; sourceTree = SDKROOT; };
		59FEF9C619736C0500F5BFFE /* UIKit.framework */ = {isa = PBXFileReference; lastKnownFileType = wrapper.framework; name = UIKit.framework; path = System/Library/Frameworks/UIKit.framework; sourceTree = SDKROOT; };
		59FEF9CA19736C0500F5BFFE /* FiyChat-Info.plist */ = {isa = PBXFileReference; lastKnownFileType = text.plist.xml; path = "FiyChat-Info.plist"; sourceTree = "<group>"; };
		59FEF9CC19736C0500F5BFFE /* en */ = {isa = PBXFileReference; lastKnownFileType = text.plist.strings; name = en; path = en.lproj/InfoPlist.strings; sourceTree = "<group>"; };
		59FEF9CE19736C0500F5BFFE /* main.m */ = {isa = PBXFileReference; lastKnownFileType = sourcecode.c.objc; path = main.m; sourceTree = "<group>"; };
		59FEF9D019736C0500F5BFFE /* FiyChat-Prefix.pch */ = {isa = PBXFileReference; lastKnownFileType = sourcecode.c.h; path = "FiyChat-Prefix.pch"; sourceTree = "<group>"; };
		59FEF9D119736C0500F5BFFE /* LJFAppDelegate.h */ = {isa = PBXFileReference; lastKnownFileType = sourcecode.c.h; path = LJFAppDelegate.h; sourceTree = "<group>"; };
		59FEF9D219736C0500F5BFFE /* LJFAppDelegate.m */ = {isa = PBXFileReference; lastKnownFileType = sourcecode.c.objc; path = LJFAppDelegate.m; sourceTree = "<group>"; };
		59FEF9D419736C0500F5BFFE /* Images.xcassets */ = {isa = PBXFileReference; lastKnownFileType = folder.assetcatalog; path = Images.xcassets; sourceTree = "<group>"; };
		59FEF9DA19736C0600F5BFFE /* FiyChatTests.xctest */ = {isa = PBXFileReference; explicitFileType = wrapper.cfbundle; includeInIndex = 0; path = FiyChatTests.xctest; sourceTree = BUILT_PRODUCTS_DIR; };
		59FEF9DB19736C0600F5BFFE /* XCTest.framework */ = {isa = PBXFileReference; lastKnownFileType = wrapper.framework; name = XCTest.framework; path = Library/Frameworks/XCTest.framework; sourceTree = DEVELOPER_DIR; };
		59FEF9E319736C0600F5BFFE /* FiyChatTests-Info.plist */ = {isa = PBXFileReference; lastKnownFileType = text.plist.xml; path = "FiyChatTests-Info.plist"; sourceTree = "<group>"; };
		59FEF9E519736C0600F5BFFE /* en */ = {isa = PBXFileReference; lastKnownFileType = text.plist.strings; name = en; path = en.lproj/InfoPlist.strings; sourceTree = "<group>"; };
		59FEF9E719736C0600F5BFFE /* FiyChatTests.m */ = {isa = PBXFileReference; lastKnownFileType = sourcecode.c.objc; path = FiyChatTests.m; sourceTree = "<group>"; };
/* End PBXFileReference section */

/* Begin PBXFrameworksBuildPhase section */
		59FEF9BC19736C0500F5BFFE /* Frameworks */ = {
			isa = PBXFrameworksBuildPhase;
			buildActionMask = 2147483647;
			files = (
				59FEF9C519736C0500F5BFFE /* CoreGraphics.framework in Frameworks */,
				59FEF9C719736C0500F5BFFE /* UIKit.framework in Frameworks */,
				59FEF9C319736C0500F5BFFE /* Foundation.framework in Frameworks */,
			);
			runOnlyForDeploymentPostprocessing = 0;
		};
		59FEF9D719736C0600F5BFFE /* Frameworks */ = {
			isa = PBXFrameworksBuildPhase;
			buildActionMask = 2147483647;
			files = (
				59FEF9DC19736C0600F5BFFE /* XCTest.framework in Frameworks */,
				59FEF9DE19736C0600F5BFFE /* UIKit.framework in Frameworks */,
				59FEF9DD19736C0600F5BFFE /* Foundation.framework in Frameworks */,
			);
			runOnlyForDeploymentPostprocessing = 0;
		};
/* End PBXFrameworksBuildPhase section */

/* Begin PBXGroup section */
		59FEF9B619736C0500F5BFFE = {
			isa = PBXGroup;
			children = (
				59FEF9C819736C0500F5BFFE /* FiyChat */,
				59FEF9E119736C0600F5BFFE /* FiyChatTests */,
				59FEF9C119736C0500F5BFFE /* Frameworks */,
				59FEF9C019736C0500F5BFFE /* Products */,
			);
			sourceTree = "<group>";
		};
		59FEF9C019736C0500F5BFFE /* Products */ = {
			isa = PBXGroup;
			children = (
				59FEF9BF19736C0500F5BFFE /* FiyChat.app */,
				59FEF9DA19736C0600F5BFFE /* FiyChatTests.xctest */,
			);
			name = Products;
			sourceTree = "<group>";
		};
		59FEF9C119736C0500F5BFFE /* Frameworks */ = {
			isa = PBXGroup;
			children = (
				59FEF9C219736C0500F5BFFE /* Foundation.framework */,
				59FEF9C419736C0500F5BFFE /* CoreGraphics.framework */,
				59FEF9C619736C0500F5BFFE /* UIKit.framework */,
				59FEF9DB19736C0600F5BFFE /* XCTest.framework */,
			);
			name = Frameworks;
			sourceTree = "<group>";
		};
		59FEF9C819736C0500F5BFFE /* FiyChat */ = {
			isa = PBXGroup;
			children = (
				59FEF9D119736C0500F5BFFE /* LJFAppDelegate.h */,
				59FEF9D219736C0500F5BFFE /* LJFAppDelegate.m */,
				59FEF9D419736C0500F5BFFE /* Images.xcassets */,
				59FEF9C919736C0500F5BFFE /* Supporting Files */,
			);
			path = FiyChat;
			sourceTree = "<group>";
		};
		59FEF9C919736C0500F5BFFE /* Supporting Files */ = {
			isa = PBXGroup;
			children = (
				59FEF9CA19736C0500F5BFFE /* FiyChat-Info.plist */,
				59FEF9CB19736C0500F5BFFE /* InfoPlist.strings */,
				59FEF9CE19736C0500F5BFFE /* main.m */,
				59FEF9D019736C0500F5BFFE /* FiyChat-Prefix.pch */,
			);
			name = "Supporting Files";
			sourceTree = "<group>";
		};
		59FEF9E119736C0600F5BFFE /* FiyChatTests */ = {
			isa = PBXGroup;
			children = (
				59FEF9E719736C0600F5BFFE /* FiyChatTests.m */,
				59FEF9E219736C0600F5BFFE /* Supporting Files */,
			);
			path = FiyChatTests;
			sourceTree = "<group>";
		};
		59FEF9E219736C0600F5BFFE /* Supporting Files */ = {
			isa = PBXGroup;
			children = (
				59FEF9E319736C0600F5BFFE /* FiyChatTests-Info.plist */,
				59FEF9E419736C0600F5BFFE /* InfoPlist.strings */,
			);
			name = "Supporting Files";
			sourceTree = "<group>";
		};
/* End PBXGroup section */

/* Begin PBXNativeTarget section */
		59FEF9BE19736C0500F5BFFE /* FiyChat */ = {
			isa = PBXNativeTarget;
			buildConfigurationList = 59FEF9EB19736C0600F5BFFE /* Build configuration list for PBXNativeTarget "FiyChat" */;
			buildPhases = (
				59FEF9BB19736C0500F5BFFE /* Sources */,
				59FEF9BC19736C0500F5BFFE /* Frameworks */,
				59FEF9BD19736C0500F5BFFE /* Resources */,
			);
			buildRules = (
			);
			dependencies = (
			);
			name = FiyChat;
			productName = FiyChat;
			productReference = 59FEF9BF19736C0500F5BFFE /* FiyChat.app */;
			productType = "com.apple.product-type.application";
		};
		59FEF9D919736C0600F5BFFE /* FiyChatTests */ = {
			isa = PBXNativeTarget;
			buildConfigurationList = 59FEF9EE19736C0600F5BFFE /* Build configuration list for PBXNativeTarget "FiyChatTests" */;
			buildPhases = (
				59FEF9D619736C0600F5BFFE /* Sources */,
				59FEF9D719736C0600F5BFFE /* Frameworks */,
				59FEF9D819736C0600F5BFFE /* Resources */,
			);
			buildRules = (
			);
			dependencies = (
				59FEF9E019736C0600F5BFFE /* PBXTargetDependency */,
			);
			name = FiyChatTests;
			productName = FiyChatTests;
			productReference = 59FEF9DA19736C0600F5BFFE /* FiyChatTests.xctest */;
			productType = "com.apple.product-type.bundle.unit-test";
		};
/* End PBXNativeTarget section */

/* Begin PBXProject section */
		59FEF9B719736C0500F5BFFE /* Project object */ = {
			isa = PBXProject;
			attributes = {
				CLASSPREFIX = LJF;
				LastUpgradeCheck = 0510;
				ORGANIZATIONNAME = lijianfei;
				TargetAttributes = {
					59FEF9D919736C0600F5BFFE = {
						TestTargetID = 59FEF9BE19736C0500F5BFFE;
					};
				};
			};
			buildConfigurationList = 59FEF9BA19736C0500F5BFFE /* Build configuration list for PBXProject "FiyChat" */;
			compatibilityVersion = "Xcode 3.2";
			developmentRegion = English;
			hasScannedForEncodings = 0;
			knownRegions = (
				en,
			);
			mainGroup = 59FEF9B619736C0500F5BFFE;
			productRefGroup = 59FEF9C019736C0500F5BFFE /* Products */;
			projectDirPath = "";
			projectRoot = "";
			targets = (
				59FEF9BE19736C0500F5BFFE /* FiyChat */,
				59FEF9D919736C0600F5BFFE /* FiyChatTests */,
			);
		};
/* End PBXProject section */

/* Begin PBXResourcesBuildPhase section */
		59FEF9BD19736C0500F5BFFE /* Resources */ = {
			isa = PBXResourcesBuildPhase;
			buildActionMask = 2147483647;
			files = (
				59FEF9CD19736C0500F5BFFE /* InfoPlist.strings in Resources */,
				59FEF9D519736C0500F5BFFE /* Images.xcassets in Resources */,
			);
			runOnlyForDeploymentPostprocessing = 0;
		};
		59FEF9D819736C0600F5BFFE /* Resources */ = {
			isa = PBXResourcesBuildPhase;
			buildActionMask = 2147483647;
			files = (
				59FEF9E619736C0600F5BFFE /* InfoPlist.strings in Resources */,
			);
			runOnlyForDeploymentPostprocessing = 0;
		};
/* End PBXResourcesBuildPhase section */

/* Begin PBXSourcesBuildPhase section */
		59FEF9BB19736C0500F5BFFE /* Sources */ = {
			isa = PBXSourcesBuildPhase;
			buildActionMask = 2147483647;
			files = (
				59FEF9CF19736C0500F5BFFE /* main.m in Sources */,
				59FEF9D319736C0500F5BFFE /* LJFAppDelegate.m in Sources */,
			);
			runOnlyForDeploymentPostprocessing = 0;
		};
		59FEF9D619736C0600F5BFFE /* Sources */ = {
			isa = PBXSourcesBuildPhase;
			buildActionMask = 2147483647;
			files = (
				59FEF9E819736C0600F5BFFE /* FiyChatTests.m in Sources */,
			);
			runOnlyForDeploymentPostprocessing = 0;
		};
/* End PBXSourcesBuildPhase section */

/* Begin PBXTargetDependency section */
		59FEF9E019736C0600F5BFFE /* PBXTargetDependency */ = {
			isa = PBXTargetDependency;
			target = 59FEF9BE19736C0500F5BFFE /* FiyChat */;
			targetProxy = 59FEF9DF19736C0600F5BFFE /* PBXContainerItemProxy */;
		};
/* End PBXTargetDependency section */

/* Begin PBXVariantGroup section */
		59FEF9CB19736C0500F5BFFE /* InfoPlist.strings */ = {
			isa = PBXVariantGroup;
			children = (
				59FEF9CC19736C0500F5BFFE /* en */,
			);
			name = InfoPlist.strings;
			sourceTree = "<group>";
		};
		59FEF9E419736C0600F5BFFE /* InfoPlist.strings */ = {
			isa = PBXVariantGroup;
			children = (
				59FEF9E519736C0600F5BFFE /* en */,
			);
			name = InfoPlist.strings;
			sourceTree = "<group>";
		};
/* End PBXVariantGroup section */

/* Begin XCBuildConfiguration section */
		59FEF9E919736C0600F5BFFE /* Debug */ = {
			isa = XCBuildConfiguration;
			buildSettings = {
				ALWAYS_SEARCH_USER_PATHS = NO;
				CLANG_CXX_LANGUAGE_STANDARD = "gnu++0x";
				CLANG_CXX_LIBRARY = "libc++";
				CLANG_ENABLE_MODULES = YES;
				CLANG_ENABLE_OBJC_ARC = YES;
				CLANG_WARN_BOOL_CONVERSION = YES;
				CLANG_WARN_CONSTANT_CONVERSION = YES;
				CLANG_WARN_DIRECT_OBJC_ISA_USAGE = YES_ERROR;
				CLANG_WARN_EMPTY_BODY = YES;
				CLANG_WARN_ENUM_CONVERSION = YES;
				CLANG_WARN_INT_CONVERSION = YES;
				CLANG_WARN_OBJC_ROOT_CLASS = YES_ERROR;
				CLANG_WARN__DUPLICATE_METHOD_MATCH = YES;
				"CODE_SIGN_IDENTITY[sdk=iphoneos*]" = "iPhone Developer";
				COPY_PHASE_STRIP = NO;
				GCC_C_LANGUAGE_STANDARD = gnu99;
				GCC_DYNAMIC_NO_PIC = NO;
				GCC_OPTIMIZATION_LEVEL = 0;
				GCC_PREPROCESSOR_DEFINITIONS = (
					"DEBUG=1",
					"$(inherited)",
				);
				GCC_SYMBOLS_PRIVATE_EXTERN = NO;
				GCC_WARN_64_TO_32_BIT_CONVERSION = YES;
				GCC_WARN_ABOUT_RETURN_TYPE = YES_ERROR;
				GCC_WARN_UNDECLARED_SELECTOR = YES;
				GCC_WARN_UNINITIALIZED_AUTOS = YES_AGGRESSIVE;
				GCC_WARN_UNUSED_FUNCTION = YES;
				GCC_WARN_UNUSED_VARIABLE = YES;
				IPHONEOS_DEPLOYMENT_TARGET = 7.1;
				ONLY_ACTIVE_ARCH = YES;
				SDKROOT = iphoneos;
			};
			name = Debug;
		};
		59FEF9EA19736C0600F5BFFE /* Release */ = {
			isa = XCBuildConfiguration;
			buildSettings = {
				ALWAYS_SEARCH_USER_PATHS = NO;
				CLANG_CXX_LANGUAGE_STANDARD = "gnu++0x";
				CLANG_CXX_LIBRARY = "libc++";
				CLANG_ENABLE_MODULES = YES;
				CLANG_ENABLE_OBJC_ARC = YES;
				CLANG_WARN_BOOL_CONVERSION = YES;
				CLANG_WARN_CONSTANT_CONVERSION = YES;
				CLANG_WARN_DIRECT_OBJC_ISA_USAGE = YES_ERROR;
				CLANG_WARN_EMPTY_BODY = YES;
				CLANG_WARN_ENUM_CONVERSION = YES;
				CLANG_WARN_INT_CONVERSION = YES;
				CLANG_WARN_OBJC_ROOT_CLASS = YES_ERROR;
				CLANG_WARN__DUPLICATE_METHOD_MATCH = YES;
				"CODE_SIGN_IDENTITY[sdk=iphoneos*]" = "iPhone Developer";
				COPY_PHASE_STRIP = YES;
				ENABLE_NS_ASSERTIONS = NO;
				GCC_C_LANGUAGE_STANDARD = gnu99;
				GCC_WARN_64_TO_32_BIT_CONVERSION = YES;
				GCC_WARN_ABOUT_RETURN_TYPE = YES_ERROR;
				GCC_WARN_UNDECLARED_SELECTOR = YES;
				GCC_WARN_UNINITIALIZED_AUTOS = YES_AGGRESSIVE;
				GCC_WARN_UNUSED_FUNCTION = YES;
				GCC_WARN_UNUSED_VARIABLE = YES;
				IPHONEOS_DEPLOYMENT_TARGET = 7.1;
				SDKROOT = iphoneos;
				VALIDATE_PRODUCT = YES;
			};
			name = Release;
		};
		59FEF9EC19736C0600F5BFFE /* Debug */ = {
			isa = XCBuildConfiguration;
			buildSettings = {
				ASSETCATALOG_COMPILER_APPICON_NAME = AppIcon;
				ASSETCATALOG_COMPILER_LAUNCHIMAGE_NAME = LaunchImage;
				GCC_PRECOMPILE_PREFIX_HEADER = YES;
				GCC_PREFIX_HEADER = "FiyChat/FiyChat-Prefix.pch";
				INFOPLIST_FILE = "FiyChat/FiyChat-Info.plist";
				PRODUCT_NAME = "$(TARGET_NAME)";
				WRAPPER_EXTENSION = app;
			};
			name = Debug;
		};
		59FEF9ED19736C0600F5BFFE /* Release */ = {
			isa = XCBuildConfiguration;
			buildSettings = {
				ASSETCATALOG_COMPILER_APPICON_NAME = AppIcon;
				ASSETCATALOG_COMPILER_LAUNCHIMAGE_NAME = LaunchImage;
				GCC_PRECOMPILE_PREFIX_HEADER = YES;
				GCC_PREFIX_HEADER = "FiyChat/FiyChat-Prefix.pch";
				INFOPLIST_FILE = "FiyChat/FiyChat-Info.plist";
				PRODUCT_NAME = "$(TARGET_NAME)";
				WRAPPER_EXTENSION = app;
			};
			name = Release;
		};
		59FEF9EF19736C0600F5BFFE /* Debug */ = {
			isa = XCBuildConfiguration;
			buildSettings = {
				BUNDLE_LOADER = "$(BUILT_PRODUCTS_DIR)/FiyChat.app/FiyChat";
				FRAMEWORK_SEARCH_PATHS = (
					"$(SDKROOT)/Developer/Library/Frameworks",
					"$(inherited)",
					"$(DEVELOPER_FRAMEWORKS_DIR)",
				);
				GCC_PRECOMPILE_PREFIX_HEADER = YES;
				GCC_PREFIX_HEADER = "FiyChat/FiyChat-Prefix.pch";
				GCC_PREPROCESSOR_DEFINITIONS = (
					"DEBUG=1",
					"$(inherited)",
				);
				INFOPLIST_FILE = "FiyChatTests/FiyChatTests-Info.plist";
				PRODUCT_NAME = "$(TARGET_NAME)";
				TEST_HOST = "$(BUNDLE_LOADER)";
				WRAPPER_EXTENSION = xctest;
			};
			name = Debug;
		};
		59FEF9F019736C0600F5BFFE /* Release */ = {
			isa = XCBuildConfiguration;
			buildSettings = {
				BUNDLE_LOADER = "$(BUILT_PRODUCTS_DIR)/FiyChat.app/FiyChat";
				FRAMEWORK_SEARCH_PATHS = (
					"$(SDKROOT)/Developer/Library/Frameworks",
					"$(inherited)",
					"$(DEVELOPER_FRAMEWORKS_DIR)",
				);
				GCC_PRECOMPILE_PREFIX_HEADER = YES;
				GCC_PREFIX_HEADER = "FiyChat/FiyChat-Prefix.pch";
				INFOPLIST_FILE = "FiyChatTests/FiyChatTests-Info.plist";
				PRODUCT_NAME = "$(TARGET_NAME)";
				TEST_HOST = "$(BUNDLE_LOADER)";
				WRAPPER_EXTENSION = xctest;
			};
			name = Release;
		};
/* End XCBuildConfiguration section */

/* Begin XCConfigurationList section */
		59FEF9BA19736C0500F5BFFE /* Build configuration list for PBXProject "FiyChat" */ = {
			isa = XCConfigurationList;
			buildConfigurations = (
				59FEF9E919736C0600F5BFFE /* Debug */,
				59FEF9EA19736C0600F5BFFE /* Release */,
			);
			defaultConfigurationIsVisible = 0;
			defaultConfigurationName = Release;
		};
		59FEF9EB19736C0600F5BFFE /* Build configuration list for PBXNativeTarget "FiyChat" */ = {
			isa = XCConfigurationList;
			buildConfigurations = (
				59FEF9EC19736C0600F5BFFE /* Debug */,
				59FEF9ED19736C0600F5BFFE /* Release */,
			);
			defaultConfigurationIsVisible = 0;
		};
		59FEF9EE19736C0600F5BFFE /* Build configuration list for PBXNativeTarget "FiyChatTests" */ = {
			isa = XCConfigurationList;
			buildConfigurations = (
				59FEF9EF19736C0600F5BFFE /* Debug */,
				59FEF9F019736C0600F5BFFE /* Release */,
			);
			defaultConfigurationIsVisible = 0;
		};
/* End XCConfigurationList section */
	};
	rootObject = 59FEF9B719736C0500F5BFFE /* Project object */;
}
